# THIS IS AN AUTOGENERATED FILE. DO NOT EDIT THIS FILE DIRECTLY.
# yarn lockfile v1


openzeppelin-solidity@^4.4.2:
  version "4.4.2"
  resolved "https://registry.yarnpkg.com/openzeppelin-solidity/-/openzeppelin-solidity-4.4.2.tgz#caa3a5fc772de8a5c23524771ff952b9dd459f73"
  integrity sha512-hwUZJ5HFWpSed9Toky8XVEPmKbRB7V/P+PwH6q/h9wyIzfYy3QM6qoj+XQv7GgM3UnjJzSsc/FP9XZlcMBQU1A==
